
Microsoft Visual Studio Solution File, Format Version 12.00
# Visual Studio 2013
VisualStudioVersion = 12.0.21005.1
MinimumVisualStudioVersion = 10.0.40219.1
Project("{FAE04EC0-301F-11D3-BF4B-00C04F79EFBC}") = "DemoDbContextRepository", "DemoDbContextRepository\DemoDbContextRepository.csproj", "{C0B5D2D9-0562-45E9-966B-05D89C25C59B}"
EndProject
Project("{FAE04EC0-301F-11D3-BF4B-00C04F79EFBC}") = "DemoBase", "DemoBase\DemoBase.csproj", "{F5091730-1C2B-4E0D-9759-EA80A42B0328}"
EndProject
Global
	GlobalSection(SolutionConfigurationPlatforms) = preSolution
		Debug|Any CPU = Debug|Any CPU
		Release|Any CPU = Release|Any CPU
	EndGlobalSection
	GlobalSection(ProjectConfigurationPlatforms) = postSolution
		{C0B5D2D9-0562-45E9-966B-05D89C25C59B}.Debug|Any CPU.ActiveCfg = Debug|Any CPU
		{C0B5D2D9-0562-45E9-966B-05D89C25C59B}.Debug|Any CPU.Build.0 = Debug|Any CPU
		{C0B5D2D9-0562-45E9-966B-05D89C25C59B}.Release|Any CPU.ActiveCfg = Release|Any CPU
		{C0B5D2D9-0562-45E9-966B-05D89C25C59B}.Release|Any CPU.Build.0 = Release|Any CPU
		{F5091730-1C2B-4E0D-9759-EA80A42B0328}.Debug|Any CPU.ActiveCfg = Debug|Any CPU
		{F5091730-1C2B-4E0D-9759-EA80A42B0328}.Debug|Any CPU.Build.0 = Debug|Any CPU
		{F5091730-1C2B-4E0D-9759-EA80A42B0328}.Release|Any CPU.ActiveCfg = Release|Any CPU
		{F5091730-1C2B-4E0D-9759-EA80A42B0328}.Release|Any CPU.Build.0 = Release|Any CPU
	EndGlobalSection
	GlobalSection(SolutionProperties) = preSolution
		HideSolutionNode = FALSE
	EndGlobalSection
EndGlobal
